// !$*UTF8*$!
{
	archiveVersion = 1;
	classes = {
	};
	objectVersion = 46;
	objects = {

/* Begin PBXBuildFile section */
		921CDB9F1DBE475900628CA1 /* AppDelegate.swift in Sources */ = {isa = PBXBuildFile; fileRef = 921CDB9E1DBE475900628CA1 /* AppDelegate.swift */; };
		921CDBA11DBE475900628CA1 /* ViewController.swift in Sources */ = {isa = PBXBuildFile; fileRef = 921CDBA01DBE475900628CA1 /* ViewController.swift */; };
		921CDBA41DBE475900628CA1 /* Main.storyboard in Resources */ = {isa = PBXBuildFile; fileRef = 921CDBA21DBE475900628CA1 /* Main.storyboard */; };
		921CDBA71DBE475900628CA1 /* ProtocolInSwift.xcdatamodeld in Sources */ = {isa = PBXBuildFile; fileRef = 921CDBA51DBE475900628CA1 /* ProtocolInSwift.xcdatamodeld */; };
		921CDBA91DBE475900628CA1 /* Assets.xcassets in Resources */ = {isa = PBXBuildFile; fileRef = 921CDBA81DBE475900628CA1 /* Assets.xcassets */; };
		921CDBAC1DBE475900628CA1 /* LaunchScreen.storyboard in Resources */ = {isa = PBXBuildFile; fileRef = 921CDBAA1DBE475900628CA1 /* LaunchScreen.storyboard */; };
		921CDBB41DBE477200628CA1 /* TableViewCellFile.swift in Sources */ = {isa = PBXBuildFile; fileRef = 921CDBB31DBE477200628CA1 /* TableViewCellFile.swift */; };
/* End PBXBuildFile section */

/* Begin PBXFileReference section */
		921CDB9B1DBE475900628CA1 /* ProtocolInSwift.app */ = {isa = PBXFileReference; explicitFileType = wrapper.application; includeInIndex = 0; path = ProtocolInSwift.app; sourceTree = BUILT_PRODUCTS_DIR; };
		921CDB9E1DBE475900628CA1 /* AppDelegate.swift */ = {isa = PBXFileReference; lastKnownFileType = sourcecode.swift; path = AppDelegate.swift; sourceTree = "<group>"; };
		921CDBA01DBE475900628CA1 /* ViewController.swift */ = {isa = PBXFileReference; lastKnownFileType = sourcecode.swift; path = ViewController.swift; sourceTree = "<group>"; };
		921CDBA31DBE475900628CA1 /* Base */ = {isa = PBXFileReference; lastKnownFileType = file.storyboard; name = Base; path = Base.lproj/Main.storyboard; sourceTree = "<group>"; };
		921CDBA61DBE475900628CA1 /* ProtocolInSwift.xcdatamodel */ = {isa = PBXFileReference; lastKnownFileType = wrapper.xcdatamodel; path = ProtocolInSwift.xcdatamodel; sourceTree = "<group>"; };
		921CDBA81DBE475900628CA1 /* Assets.xcassets */ = {isa = PBXFileReference; lastKnownFileType = folder.assetcatalog; path = Assets.xcassets; sourceTree = "<group>"; };
		921CDBAB1DBE475900628CA1 /* Base */ = {isa = PBXFileReference; lastKnownFileType = file.storyboard; name = Base; path = Base.lproj/LaunchScreen.storyboard; sourceTree = "<group>"; };
		921CDBAD1DBE475900628CA1 /* Info.plist */ = {isa = PBXFileReference; lastKnownFileType = text.plist.xml; path = Info.plist; sourceTree = "<group>"; };
		921CDBB31DBE477200628CA1 /* TableViewCellFile.swift */ = {isa = PBXFileReference; fileEncoding = 4; lastKnownFileType = sourcecode.swift; path = TableViewCellFile.swift; sourceTree = "<group>"; };
/* End PBXFileReference section */

/* Begin PBXFrameworksBuildPhase section */
		921CDB981DBE475900628CA1 /* Frameworks */ = {
			isa = PBXFrameworksBuildPhase;
			buildActionMask = 2147483647;
			files = (
			);
			runOnlyForDeploymentPostprocessing = 0;
		};
/* End PBXFrameworksBuildPhase section */

/* Begin PBXGroup section */
		921CDB921DBE475900628CA1 = {
			isa = PBXGroup;
			children = (
				921CDB9D1DBE475900628CA1 /* ProtocolInSwift */,
				921CDB9C1DBE475900628CA1 /* Products */,
			);
			sourceTree = "<group>";
		};
		921CDB9C1DBE475900628CA1 /* Products */ = {
			isa = PBXGroup;
			children = (
				921CDB9B1DBE475900628CA1 /* ProtocolInSwift.app */,
			);
			name = Products;
			sourceTree = "<group>";
		};
		921CDB9D1DBE475900628CA1 /* ProtocolInSwift */ = {
			isa = PBXGroup;
			children = (
				921CDB9E1DBE475900628CA1 /* AppDelegate.swift */,
				921CDBA01DBE475900628CA1 /* ViewController.swift */,
				921CDBA21DBE475900628CA1 /* Main.storyboard */,
				921CDBA81DBE475900628CA1 /* Assets.xcassets */,
				921CDBAA1DBE475900628CA1 /* LaunchScreen.storyboard */,
				921CDBAD1DBE475900628CA1 /* Info.plist */,
				921CDBA51DBE475900628CA1 /* ProtocolInSwift.xcdatamodeld */,
				921CDBB31DBE477200628CA1 /* TableViewCellFile.swift */,
			);
			path = ProtocolInSwift;
			sourceTree = "<group>";
		};
/* End PBXGroup section */

/* Begin PBXNativeTarget section */
		921CDB9A1DBE475900628CA1 /* ProtocolInSwift */ = {
			isa = PBXNativeTarget;
			buildConfigurationList = 921CDBB01DBE475900628CA1 /* Build configuration list for PBXNativeTarget "ProtocolInSwift" */;
			buildPhases = (
				921CDB971DBE475900628CA1 /* Sources */,
				921CDB981DBE475900628CA1 /* Frameworks */,
				921CDB991DBE475900628CA1 /* Resources */,
			);
			buildRules = (
			);
			dependencies = (
			);
			name = ProtocolInSwift;
			productName = ProtocolInSwift;
			productReference = 921CDB9B1DBE475900628CA1 /* ProtocolInSwift.app */;
			productType = "com.apple.product-type.application";
		};
/* End PBXNativeTarget section */

/* Begin PBXProject section */
		921CDB931DBE475900628CA1 /* Project object */ = {
			isa = PBXProject;
			attributes = {
				LastSwiftUpdateCheck = 0800;
				LastUpgradeCheck = 0800;
				ORGANIZATIONNAME = wflogin;
				TargetAttributes = {
					921CDB9A1DBE475900628CA1 = {
						CreatedOnToolsVersion = 8.0;
						DevelopmentTeam = 43793ERFJ9;
						ProvisioningStyle = Automatic;
					};
				};
			};
			buildConfigurationList = 921CDB961DBE475900628CA1 /* Build configuration list for PBXProject "ProtocolInSwift" */;
			compatibilityVersion = "Xcode 3.2";
			developmentRegion = English;
			hasScannedForEncodings = 0;
			knownRegions = (
				en,
				Base,
			);
			mainGroup = 921CDB921DBE475900628CA1;
			productRefGroup = 921CDB9C1DBE475900628CA1 /* Products */;
			projectDirPath = "";
			projectRoot = "";
			targets = (
				921CDB9A1DBE475900628CA1 /* ProtocolInSwift */,
			);
		};
/* End PBXProject section */

/* Begin PBXResourcesBuildPhase section */
		921CDB991DBE475900628CA1 /* Resources */ = {
			isa = PBXResourcesBuildPhase;
			buildActionMask = 2147483647;
			files = (
				921CDBAC1DBE475900628CA1 /* LaunchScreen.storyboard in Resources */,
				921CDBA91DBE475900628CA1 /* Assets.xcassets in Resources */,
				921CDBA41DBE475900628CA1 /* Main.storyboard in Resources */,
			);
			runOnlyForDeploymentPostprocessing = 0;
		};
/* End PBXResourcesBuildPhase section */

/* Begin PBXSourcesBuildPhase section */
		921CDB971DBE475900628CA1 /* Sources */ = {
			isa = PBXSourcesBuildPhase;
			buildActionMask = 2147483647;
			files = (
				921CDBA11DBE475900628CA1 /* ViewController.swift in Sources */,
				921CDBB41DBE477200628CA1 /* TableViewCellFile.swift in Sources */,
				921CDBA71DBE475900628CA1 /* ProtocolInSwift.xcdatamodeld in Sources */,
				921CDB9F1DBE475900628CA1 /* AppDelegate.swift in Sources */,
			);
			runOnlyForDeploymentPostprocessing = 0;
		};
/* End PBXSourcesBuildPhase section */

/* Begin PBXVariantGroup section */
		921CDBA21DBE475900628CA1 /* Main.storyboard */ = {
			isa = PBXVariantGroup;
			children = (
				921CDBA31DBE475900628CA1 /* Base */,
			);
			name = Main.storyboard;
			sourceTree = "<group>";
		};
		921CDBAA1DBE475900628CA1 /* LaunchScreen.storyboard */ = {
			isa = PBXVariantGroup;
			children = (
				921CDBAB1DBE475900628CA1 /* Base */,
			);
			name = LaunchScreen.storyboard;
			sourceTree = "<group>";
		};
/* End PBXVariantGroup section */

/* Begin XCBuildConfiguration section */
		921CDBAE1DBE475900628CA1 /* Debug */ = {
			isa = XCBuildConfiguration;
			buildSettings = {
				ALWAYS_SEARCH_USER_PATHS = NO;
				CLANG_ANALYZER_NONNULL = YES;
				CLANG_CXX_LANGUAGE_STANDARD = "gnu++0x";
				CLANG_CXX_LIBRARY = "libc++";
				CLANG_ENABLE_MODULES = YES;
				CLANG_ENABLE_OBJC_ARC = YES;
				CLANG_WARN_BOOL_CONVERSION = YES;
				CLANG_WARN_CONSTANT_CONVERSION = YES;
				CLANG_WARN_DIRECT_OBJC_ISA_USAGE = YES_ERROR;
				CLANG_WARN_DOCUMENTATION_COMMENTS = YES;
				CLANG_WARN_EMPTY_BODY = YES;
				CLANG_WARN_ENUM_CONVERSION = YES;
				CLANG_WARN_INFINITE_RECURSION = YES;
				CLANG_WARN_INT_CONVERSION = YES;
				CLANG_WARN_OBJC_ROOT_CLASS = YES_ERROR;
				CLANG_WARN_SUSPICIOUS_MOVES = YES;
				CLANG_WARN_UNREACHABLE_CODE = YES;
				CLANG_WARN__DUPLICATE_METHOD_MATCH = YES;
				"CODE_SIGN_IDENTITY[sdk=iphoneos*]" = "iPhone Developer";
				COPY_PHASE_STRIP = NO;
				DEBUG_INFORMATION_FORMAT = dwarf;
				ENABLE_STRICT_OBJC_MSGSEND = YES;
				ENABLE_TESTABILITY = YES;
				GCC_C_LANGUAGE_STANDARD = gnu99;
				GCC_DYNAMIC_NO_PIC = NO;
				GCC_NO_COMMON_BLOCKS = YES;
				GCC_OPTIMIZATION_LEVEL = 0;
				GCC_PREPROCESSOR_DEFINITIONS = (
					"DEBUG=1",
					"$(inherited)",
				);
				GCC_WARN_64_TO_32_BIT_CONVERSION = YES;
				GCC_WARN_ABOUT_RETURN_TYPE = YES_ERROR;
				GCC_WARN_UNDECLARED_SELECTOR = YES;
				GCC_WARN_UNINITIALIZED_AUTOS = YES_AGGRESSIVE;
				GCC_WARN_UNUSED_FUNCTION = YES;
				GCC_WARN_UNUSED_VARIABLE = YES;
				IPHONEOS_DEPLOYMENT_TARGET = 10.0;
				MTL_ENABLE_DEBUG_INFO = YES;
				ONLY_ACTIVE_ARCH = YES;
				SDKROOT = iphoneos;
				SWIFT_ACTIVE_COMPILATION_CONDITIONS = DEBUG;
				SWIFT_OPTIMIZATION_LEVEL = "-Onone";
				TARGETED_DEVICE_FAMILY = "1,2";
			};
			name = Debug;
		};
		921CDBAF1DBE475900628CA1 /* Release */ = {
			isa = XCBuildConfiguration;
			buildSettings = {
				ALWAYS_SEARCH_USER_PATHS = NO;
				CLANG_ANALYZER_NONNULL = YES;
				CLANG_CXX_LANGUAGE_STANDARD = "gnu++0x";
				CLANG_CXX_LIBRARY = "libc++";
				CLANG_ENABLE_MODULES = YES;
				CLANG_ENABLE_OBJC_ARC = YES;
				CLANG_WARN_BOOL_CONVERSION = YES;
				CLANG_WARN_CONSTANT_CONVERSION = YES;
				CLANG_WARN_DIRECT_OBJC_ISA_USAGE = YES_ERROR;
				CLANG_WARN_DOCUMENTATION_COMMENTS = YES;
				CLANG_WARN_EMPTY_BODY = YES;
				CLANG_WARN_ENUM_CONVERSION = YES;
				CLANG_WARN_INFINITE_RECURSION = YES;
				CLANG_WARN_INT_CONVERSION = YES;
				CLANG_WARN_OBJC_ROOT_CLASS = YES_ERROR;
				CLANG_WARN_SUSPICIOUS_MOVES = YES;
				CLANG_WARN_UNREACHABLE_CODE = YES;
				CLANG_WARN__DUPLICATE_METHOD_MATCH = YES;
				"CODE_SIGN_IDENTITY[sdk=iphoneos*]" = "iPhone Developer";
				COPY_PHASE_STRIP = NO;
				DEBUG_INFORMATION_FORMAT = "dwarf-with-dsym";
				ENABLE_NS_ASSERTIONS = NO;
				ENABLE_STRICT_OBJC_MSGSEND = YES;
				GCC_C_LANGUAGE_STANDARD = gnu99;
				GCC_NO_COMMON_BLOCKS = YES;
				GCC_WARN_64_TO_32_BIT_CONVERSION = YES;
				GCC_WARN_ABOUT_RETURN_TYPE = YES_ERROR;
				GCC_WARN_UNDECLARED_SELECTOR = YES;
				GCC_WARN_UNINITIALIZED_AUTOS = YES_AGGRESSIVE;
				GCC_WARN_UNUSED_FUNCTION = YES;
				GCC_WARN_UNUSED_VARIABLE = YES;
				IPHONEOS_DEPLOYMENT_TARGET = 10.0;
				MTL_ENABLE_DEBUG_INFO = NO;
				SDKROOT = iphoneos;
				SWIFT_OPTIMIZATION_LEVEL = "-Owholemodule";
				TARGETED_DEVICE_FAMILY = "1,2";
				VALIDATE_PRODUCT = YES;
			};
			name = Release;
		};
		921CDBB11DBE475900628CA1 /* Debug */ = {
			isa = XCBuildConfiguration;
			buildSettings = {
				ASSETCATALOG_COMPILER_APPICON_NAME = AppIcon;
				DEVELOPMENT_TEAM = 43793ERFJ9;
				INFOPLIST_FILE = ProtocolInSwift/Info.plist;
				LD_RUNPATH_SEARCH_PATHS = "$(inherited) @executable_path/Frameworks";
				PRODUCT_BUNDLE_IDENTIFIER = com.winfashion.ProtocolInSwift;
				PRODUCT_NAME = "$(TARGET_NAME)";
				SWIFT_VERSION = 3.0;
			};
			name = Debug;
		};
		921CDBB21DBE475900628CA1 /* Release */ = {
			isa = XCBuildConfiguration;
			buildSettings = {
				ASSETCATALOG_COMPILER_APPICON_NAME = AppIcon;
				DEVELOPMENT_TEAM = 43793ERFJ9;
				INFOPLIST_FILE = ProtocolInSwift/Info.plist;
				LD_RUNPATH_SEARCH_PATHS = "$(inherited) @executable_path/Frameworks";
				PRODUCT_BUNDLE_IDENTIFIER = com.winfashion.ProtocolInSwift;
				PRODUCT_NAME = "$(TARGET_NAME)";
				SWIFT_VERSION = 3.0;
			};
			name = Release;
		};
/* End XCBuildConfiguration section */

/* Begin XCConfigurationList section */
		921CDB961DBE475900628CA1 /* Build configuration list for PBXProject "ProtocolInSwift" */ = {
			isa = XCConfigurationList;
			buildConfigurations = (
				921CDBAE1DBE475900628CA1 /* Debug */,
				921CDBAF1DBE475900628CA1 /* Release */,
			);
			defaultConfigurationIsVisible = 0;
			defaultConfigurationName = Release;
		};
		921CDBB01DBE475900628CA1 /* Build configuration list for PBXNativeTarget "ProtocolInSwift" */ = {
			isa = XCConfigurationList;
			buildConfigurations = (
				921CDBB11DBE475900628CA1 /* Debug */,
				921CDBB21DBE475900628CA1 /* Release */,
			);
			defaultConfigurationIsVisible = 0;
		};
/* End XCConfigurationList section */

/* Begin XCVersionGroup section */
		921CDBA51DBE475900628CA1 /* ProtocolInSwift.xcdatamodeld */ = {
			isa = XCVersionGroup;
			children = (
				921CDBA61DBE475900628CA1 /* ProtocolInSwift.xcdatamodel */,
			);
			currentVersion = 921CDBA61DBE475900628CA1 /* ProtocolInSwift.xcdatamodel */;
			path = ProtocolInSwift.xcdatamodeld;
			sourceTree = "<group>";
			versionGroupType = wrapper.xcdatamodel;
		};
/* End XCVersionGroup section */
	};
	rootObject = 921CDB931DBE475900628CA1 /* Project object */;
}
